// !$*UTF8*$!
{
	archiveVersion = 1;
	classes = {
	};
	objectVersion = 50;
	objects = {

/* Begin PBXBuildFile section */
		663D8C0022402391006271CD /* ScatterKit.framework in Frameworks */ = {isa = PBXBuildFile; fileRef = 663D8BF622402391006271CD /* ScatterKit.framework */; };
		663D8C0522402391006271CD /* ScatterKitTests.swift in Sources */ = {isa = PBXBuildFile; fileRef = 663D8C0422402391006271CD /* ScatterKitTests.swift */; };
		663D8C0722402391006271CD /* ScatterKit.h in Headers */ = {isa = PBXBuildFile; fileRef = 663D8BF922402391006271CD /* ScatterKit.h */; settings = {ATTRIBUTES = (Public, ); }; };
		668A9F48229DC80B0071A851 /* ScatterKitClientLevelProtocol.swift in Sources */ = {isa = PBXBuildFile; fileRef = 668A9F44229DC80B0071A851 /* ScatterKitClientLevelProtocol.swift */; };
		668A9F49229DC80B0071A851 /* ScatterKitHostLevelProtocol.swift in Sources */ = {isa = PBXBuildFile; fileRef = 668A9F45229DC80B0071A851 /* ScatterKitHostLevelProtocol.swift */; };
		668A9F4A229DC80B0071A851 /* ScatterKitServiceLevelProtocol.swift in Sources */ = {isa = PBXBuildFile; fileRef = 668A9F46229DC80B0071A851 /* ScatterKitServiceLevelProtocol.swift */; };
		668A9F4B229DC80B0071A851 /* ScatterKitClientLevelProtocol+ApiExtension.swift in Sources */ = {isa = PBXBuildFile; fileRef = 668A9F47229DC80B0071A851 /* ScatterKitClientLevelProtocol+ApiExtension.swift */; };
		668A9F4F229DC8130071A851 /* ScatterKitBrowserServiceLevel.swift in Sources */ = {isa = PBXBuildFile; fileRef = 668A9F4C229DC8120071A851 /* ScatterKitBrowserServiceLevel.swift */; };
		668A9F50229DC8130071A851 /* ScatterKitBrowserApiClientLevel.swift in Sources */ = {isa = PBXBuildFile; fileRef = 668A9F4D229DC8120071A851 /* ScatterKitBrowserApiClientLevel.swift */; };
		668A9F51229DC8130071A851 /* ScatterKitBrowserApiHostLevel.swift in Sources */ = {isa = PBXBuildFile; fileRef = 668A9F4E229DC8120071A851 /* ScatterKitBrowserApiHostLevel.swift */; };
		668A9F55229DC81D0071A851 /* ScatterKitDesktopApiClientLevel.swift in Sources */ = {isa = PBXBuildFile; fileRef = 668A9F52229DC81D0071A851 /* ScatterKitDesktopApiClientLevel.swift */; };
		668A9F56229DC81D0071A851 /* ScatterKitDesktopApiHostLevel.swift in Sources */ = {isa = PBXBuildFile; fileRef = 668A9F53229DC81D0071A851 /* ScatterKitDesktopApiHostLevel.swift */; };
		668A9F57229DC81D0071A851 /* ScatterKitDesktopServiceLevel.swift in Sources */ = {isa = PBXBuildFile; fileRef = 668A9F54229DC81D0071A851 /* ScatterKitDesktopServiceLevel.swift */; };
		668A9F5A229DC8250071A851 /* scatterkit_browser.js in Resources */ = {isa = PBXBuildFile; fileRef = 668A9F58229DC8250071A851 /* scatterkit_browser.js */; };
		668A9F5B229DC8250071A851 /* scatterkit_desktop.js in Resources */ = {isa = PBXBuildFile; fileRef = 668A9F59229DC8250071A851 /* scatterkit_desktop.js */; };
		668A9F89229DC9800071A851 /* ScatterKitError.swift in Sources */ = {isa = PBXBuildFile; fileRef = 668A9F80229DC97E0071A851 /* ScatterKitError.swift */; };
		668A9F8A229DC9800071A851 /* ScatterKitScriptMessageHandlerLeakAvoider.swift in Sources */ = {isa = PBXBuildFile; fileRef = 668A9F81229DC97E0071A851 /* ScatterKitScriptMessageHandlerLeakAvoider.swift */; };
		668A9F8B229DC9800071A851 /* ScatterKitDelegate.swift in Sources */ = {isa = PBXBuildFile; fileRef = 668A9F82229DC97E0071A851 /* ScatterKitDelegate.swift */; };
		668A9F8C229DC9800071A851 /* ScatterKitTransaction.swift in Sources */ = {isa = PBXBuildFile; fileRef = 668A9F83229DC97E0071A851 /* ScatterKitTransaction.swift */; };
		668A9F8D229DC9800071A851 /* ScatterKitResult.swift in Sources */ = {isa = PBXBuildFile; fileRef = 668A9F84229DC97E0071A851 /* ScatterKitResult.swift */; };
		668A9F8E229DC9800071A851 /* ScatterKit.swift in Sources */ = {isa = PBXBuildFile; fileRef = 668A9F85229DC97F0071A851 /* ScatterKit.swift */; };
		668A9F8F229DC9800071A851 /* ScatterKitScriptMessageHandlerProxy.swift in Sources */ = {isa = PBXBuildFile; fileRef = 668A9F86229DC97F0071A851 /* ScatterKitScriptMessageHandlerProxy.swift */; };
		668A9F90229DC9800071A851 /* ScatterKitRequest.swift in Sources */ = {isa = PBXBuildFile; fileRef = 668A9F87229DC97F0071A851 /* ScatterKitRequest.swift */; };
		668A9F91229DC9800071A851 /* ScatterKitResponse.swift in Sources */ = {isa = PBXBuildFile; fileRef = 668A9F88229DC97F0071A851 /* ScatterKitResponse.swift */; };
		668A9F93229DC9BC0071A851 /* Decodable+Extension.swift in Sources */ = {isa = PBXBuildFile; fileRef = 668A9F92229DC9BC0071A851 /* Decodable+Extension.swift */; };
/* End PBXBuildFile section */

/* Begin PBXContainerItemProxy section */
		663D8C0122402391006271CD /* PBXContainerItemProxy */ = {
			isa = PBXContainerItemProxy;
			containerPortal = 663D8BED22402390006271CD /* Project object */;
			proxyType = 1;
			remoteGlobalIDString = 663D8BF522402390006271CD;
			remoteInfo = ScatterKit;
		};
/* End PBXContainerItemProxy section */

/* Begin PBXFileReference section */
		663D8BF622402391006271CD /* ScatterKit.framework */ = {isa = PBXFileReference; explicitFileType = wrapper.framework; includeInIndex = 0; path = ScatterKit.framework; sourceTree = BUILT_PRODUCTS_DIR; };
		663D8BF922402391006271CD /* ScatterKit.h */ = {isa = PBXFileReference; lastKnownFileType = sourcecode.c.h; path = ScatterKit.h; sourceTree = "<group>"; };
		663D8BFA22402391006271CD /* Info.plist */ = {isa = PBXFileReference; lastKnownFileType = text.plist.xml; path = Info.plist; sourceTree = "<group>"; };
		663D8BFF22402391006271CD /* ScatterKitTests.xctest */ = {isa = PBXFileReference; explicitFileType = wrapper.cfbundle; includeInIndex = 0; path = ScatterKitTests.xctest; sourceTree = BUILT_PRODUCTS_DIR; };
		663D8C0422402391006271CD /* ScatterKitTests.swift */ = {isa = PBXFileReference; lastKnownFileType = sourcecode.swift; path = ScatterKitTests.swift; sourceTree = "<group>"; };
		663D8C0622402391006271CD /* Info.plist */ = {isa = PBXFileReference; lastKnownFileType = text.plist.xml; path = Info.plist; sourceTree = "<group>"; };
		668A9F44229DC80B0071A851 /* ScatterKitClientLevelProtocol.swift */ = {isa = PBXFileReference; fileEncoding = 4; lastKnownFileType = sourcecode.swift; path = ScatterKitClientLevelProtocol.swift; sourceTree = "<group>"; };
		668A9F45229DC80B0071A851 /* ScatterKitHostLevelProtocol.swift */ = {isa = PBXFileReference; fileEncoding = 4; lastKnownFileType = sourcecode.swift; path = ScatterKitHostLevelProtocol.swift; sourceTree = "<group>"; };
		668A9F46229DC80B0071A851 /* ScatterKitServiceLevelProtocol.swift */ = {isa = PBXFileReference; fileEncoding = 4; lastKnownFileType = sourcecode.swift; path = ScatterKitServiceLevelProtocol.swift; sourceTree = "<group>"; };
		668A9F47229DC80B0071A851 /* ScatterKitClientLevelProtocol+ApiExtension.swift */ = {isa = PBXFileReference; fileEncoding = 4; lastKnownFileType = sourcecode.swift; path = "ScatterKitClientLevelProtocol+ApiExtension.swift"; sourceTree = "<group>"; };
		668A9F4C229DC8120071A851 /* ScatterKitBrowserServiceLevel.swift */ = {isa = PBXFileReference; fileEncoding = 4; lastKnownFileType = sourcecode.swift; path = ScatterKitBrowserServiceLevel.swift; sourceTree = "<group>"; };
		668A9F4D229DC8120071A851 /* ScatterKitBrowserApiClientLevel.swift */ = {isa = PBXFileReference; fileEncoding = 4; lastKnownFileType = sourcecode.swift; path = ScatterKitBrowserApiClientLevel.swift; sourceTree = "<group>"; };
		668A9F4E229DC8120071A851 /* ScatterKitBrowserApiHostLevel.swift */ = {isa = PBXFileReference; fileEncoding = 4; lastKnownFileType = sourcecode.swift; path = ScatterKitBrowserApiHostLevel.swift; sourceTree = "<group>"; };
		668A9F52229DC81D0071A851 /* ScatterKitDesktopApiClientLevel.swift */ = {isa = PBXFileReference; fileEncoding = 4; lastKnownFileType = sourcecode.swift; path = ScatterKitDesktopApiClientLevel.swift; sourceTree = "<group>"; };
		668A9F53229DC81D0071A851 /* ScatterKitDesktopApiHostLevel.swift */ = {isa = PBXFileReference; fileEncoding = 4; lastKnownFileType = sourcecode.swift; path = ScatterKitDesktopApiHostLevel.swift; sourceTree = "<group>"; };
		668A9F54229DC81D0071A851 /* ScatterKitDesktopServiceLevel.swift */ = {isa = PBXFileReference; fileEncoding = 4; lastKnownFileType = sourcecode.swift; path = ScatterKitDesktopServiceLevel.swift; sourceTree = "<group>"; };
		668A9F58229DC8250071A851 /* scatterkit_browser.js */ = {isa = PBXFileReference; fileEncoding = 4; lastKnownFileType = sourcecode.javascript; path = scatterkit_browser.js; sourceTree = "<group>"; };
		668A9F59229DC8250071A851 /* scatterkit_desktop.js */ = {isa = PBXFileReference; fileEncoding = 4; lastKnownFileType = sourcecode.javascript; path = scatterkit_desktop.js; sourceTree = "<group>"; };
		668A9F80229DC97E0071A851 /* ScatterKitError.swift */ = {isa = PBXFileReference; fileEncoding = 4; lastKnownFileType = sourcecode.swift; path = ScatterKitError.swift; sourceTree = "<group>"; };
		668A9F81229DC97E0071A851 /* ScatterKitScriptMessageHandlerLeakAvoider.swift */ = {isa = PBXFileReference; fileEncoding = 4; lastKnownFileType = sourcecode.swift; path = ScatterKitScriptMessageHandlerLeakAvoider.swift; sourceTree = "<group>"; };
		668A9F82229DC97E0071A851 /* ScatterKitDelegate.swift */ = {isa = PBXFileReference; fileEncoding = 4; lastKnownFileType = sourcecode.swift; path = ScatterKitDelegate.swift; sourceTree = "<group>"; };
		668A9F83229DC97E0071A851 /* ScatterKitTransaction.swift */ = {isa = PBXFileReference; fileEncoding = 4; lastKnownFileType = sourcecode.swift; path = ScatterKitTransaction.swift; sourceTree = "<group>"; };
		668A9F84229DC97E0071A851 /* ScatterKitResult.swift */ = {isa = PBXFileReference; fileEncoding = 4; lastKnownFileType = sourcecode.swift; path = ScatterKitResult.swift; sourceTree = "<group>"; };
		668A9F85229DC97F0071A851 /* ScatterKit.swift */ = {isa = PBXFileReference; fileEncoding = 4; lastKnownFileType = sourcecode.swift; path = ScatterKit.swift; sourceTree = "<group>"; };
		668A9F86229DC97F0071A851 /* ScatterKitScriptMessageHandlerProxy.swift */ = {isa = PBXFileReference; fileEncoding = 4; lastKnownFileType = sourcecode.swift; path = ScatterKitScriptMessageHandlerProxy.swift; sourceTree = "<group>"; };
		668A9F87229DC97F0071A851 /* ScatterKitRequest.swift */ = {isa = PBXFileReference; fileEncoding = 4; lastKnownFileType = sourcecode.swift; path = ScatterKitRequest.swift; sourceTree = "<group>"; };
		668A9F88229DC97F0071A851 /* ScatterKitResponse.swift */ = {isa = PBXFileReference; fileEncoding = 4; lastKnownFileType = sourcecode.swift; path = ScatterKitResponse.swift; sourceTree = "<group>"; };
		668A9F92229DC9BC0071A851 /* Decodable+Extension.swift */ = {isa = PBXFileReference; fileEncoding = 4; lastKnownFileType = sourcecode.swift; path = "Decodable+Extension.swift"; sourceTree = "<group>"; };
		66CEB82F22A80757003D2DA4 /* ScatterKit.podspec */ = {isa = PBXFileReference; lastKnownFileType = text; name = ScatterKit.podspec; path = ../ScatterKit.podspec; sourceTree = "<group>"; };
/* End PBXFileReference section */

/* Begin PBXFrameworksBuildPhase section */
		663D8BF322402390006271CD /* Frameworks */ = {
			isa = PBXFrameworksBuildPhase;
			buildActionMask = 2147483647;
			files = (
			);
			runOnlyForDeploymentPostprocessing = 0;
		};
		663D8BFC22402391006271CD /* Frameworks */ = {
			isa = PBXFrameworksBuildPhase;
			buildActionMask = 2147483647;
			files = (
				663D8C0022402391006271CD /* ScatterKit.framework in Frameworks */,
			);
			runOnlyForDeploymentPostprocessing = 0;
		};
/* End PBXFrameworksBuildPhase section */

/* Begin PBXGroup section */
		663D8BEC22402390006271CD = {
			isa = PBXGroup;
			children = (
				66CEB82F22A80757003D2DA4 /* ScatterKit.podspec */,
				663D8BF822402391006271CD /* ScatterKit */,
				663D8C0322402391006271CD /* ScatterKitTests */,
				663D8BF722402391006271CD /* Products */,
			);
			sourceTree = "<group>";
		};
		663D8BF722402391006271CD /* Products */ = {
			isa = PBXGroup;
			children = (
				663D8BF622402391006271CD /* ScatterKit.framework */,
				663D8BFF22402391006271CD /* ScatterKitTests.xctest */,
			);
			name = Products;
			sourceTree = "<group>";
		};
		663D8BF822402391006271CD /* ScatterKit */ = {
			isa = PBXGroup;
			children = (
				668B784C22402801006EF8F6 /* Source */,
				663D8BF922402391006271CD /* ScatterKit.h */,
				663D8BFA22402391006271CD /* Info.plist */,
			);
			path = ScatterKit;
			sourceTree = "<group>";
		};
		663D8C0322402391006271CD /* ScatterKitTests */ = {
			isa = PBXGroup;
			children = (
				663D8C0422402391006271CD /* ScatterKitTests.swift */,
				663D8C0622402391006271CD /* Info.plist */,
			);
			path = ScatterKitTests;
			sourceTree = "<group>";
		};
		668A9F2E229DC7380071A851 /* Levels */ = {
			isa = PBXGroup;
			children = (
				668A9F46229DC80B0071A851 /* ScatterKitServiceLevelProtocol.swift */,
				668A9F45229DC80B0071A851 /* ScatterKitHostLevelProtocol.swift */,
				668A9F44229DC80B0071A851 /* ScatterKitClientLevelProtocol.swift */,
				668A9F47229DC80B0071A851 /* ScatterKitClientLevelProtocol+ApiExtension.swift */,
			);
			path = Levels;
			sourceTree = "<group>";
		};
		668A9F2F229DC7400071A851 /* js */ = {
			isa = PBXGroup;
			children = (
				668A9F58229DC8250071A851 /* scatterkit_browser.js */,
				668A9F59229DC8250071A851 /* scatterkit_desktop.js */,
			);
			path = js;
			sourceTree = "<group>";
		};
		668A9F30229DC7A30071A851 /* Browser */ = {
			isa = PBXGroup;
			children = (
				668A9F4C229DC8120071A851 /* ScatterKitBrowserServiceLevel.swift */,
				668A9F4E229DC8120071A851 /* ScatterKitBrowserApiHostLevel.swift */,
				668A9F4D229DC8120071A851 /* ScatterKitBrowserApiClientLevel.swift */,
			);
			path = Browser;
			sourceTree = "<group>";
		};
		668A9F31229DC7A80071A851 /* Desktop */ = {
			isa = PBXGroup;
			children = (
				668A9F54229DC81D0071A851 /* ScatterKitDesktopServiceLevel.swift */,
				668A9F53229DC81D0071A851 /* ScatterKitDesktopApiHostLevel.swift */,
				668A9F52229DC81D0071A851 /* ScatterKitDesktopApiClientLevel.swift */,
			);
			path = Desktop;
			sourceTree = "<group>";
		};
		668B784C22402801006EF8F6 /* Source */ = {
			isa = PBXGroup;
			children = (
				668A9F2E229DC7380071A851 /* Levels */,
				668A9F30229DC7A30071A851 /* Browser */,
				668A9F31229DC7A80071A851 /* Desktop */,
				668A9F2F229DC7400071A851 /* js */,
				668A9F85229DC97F0071A851 /* ScatterKit.swift */,
				668A9F82229DC97E0071A851 /* ScatterKitDelegate.swift */,
				668A9F80229DC97E0071A851 /* ScatterKitError.swift */,
				668A9F87229DC97F0071A851 /* ScatterKitRequest.swift */,
				668A9F88229DC97F0071A851 /* ScatterKitResponse.swift */,
				668A9F84229DC97E0071A851 /* ScatterKitResult.swift */,
				668A9F81229DC97E0071A851 /* ScatterKitScriptMessageHandlerLeakAvoider.swift */,
				668A9F86229DC97F0071A851 /* ScatterKitScriptMessageHandlerProxy.swift */,
				668A9F83229DC97E0071A851 /* ScatterKitTransaction.swift */,
				668A9F92229DC9BC0071A851 /* Decodable+Extension.swift */,
			);
			path = Source;
			sourceTree = "<group>";
		};
/* End PBXGroup section */

/* Begin PBXHeadersBuildPhase section */
		663D8BF122402390006271CD /* Headers */ = {
			isa = PBXHeadersBuildPhase;
			buildActionMask = 2147483647;
			files = (
				663D8C0722402391006271CD /* ScatterKit.h in Headers */,
			);
			runOnlyForDeploymentPostprocessing = 0;
		};
/* End PBXHeadersBuildPhase section */

/* Begin PBXNativeTarget section */
		663D8BF522402390006271CD /* ScatterKit */ = {
			isa = PBXNativeTarget;
			buildConfigurationList = 663D8C0A22402391006271CD /* Build configuration list for PBXNativeTarget "ScatterKit" */;
			buildPhases = (
				663D8BF122402390006271CD /* Headers */,
				663D8BF222402390006271CD /* Sources */,
				663D8BF322402390006271CD /* Frameworks */,
				663D8BF422402390006271CD /* Resources */,
			);
			buildRules = (
			);
			dependencies = (
			);
			name = ScatterKit;
			productName = ScatterKit;
			productReference = 663D8BF622402391006271CD /* ScatterKit.framework */;
			productType = "com.apple.product-type.framework";
		};
		663D8BFE22402391006271CD /* ScatterKitTests */ = {
			isa = PBXNativeTarget;
			buildConfigurationList = 663D8C0D22402391006271CD /* Build configuration list for PBXNativeTarget "ScatterKitTests" */;
			buildPhases = (
				663D8BFB22402391006271CD /* Sources */,
				663D8BFC22402391006271CD /* Frameworks */,
				663D8BFD22402391006271CD /* Resources */,
			);
			buildRules = (
			);
			dependencies = (
				663D8C0222402391006271CD /* PBXTargetDependency */,
			);
			name = ScatterKitTests;
			productName = ScatterKitTests;
			productReference = 663D8BFF22402391006271CD /* ScatterKitTests.xctest */;
			productType = "com.apple.product-type.bundle.unit-test";
		};
/* End PBXNativeTarget section */

/* Begin PBXProject section */
		663D8BED22402390006271CD /* Project object */ = {
			isa = PBXProject;
			attributes = {
				LastSwiftUpdateCheck = 1010;
				LastUpgradeCheck = 1010;
				ORGANIZATIONNAME = "Baltic International Group OU";
				TargetAttributes = {
					663D8BF522402390006271CD = {
						CreatedOnToolsVersion = 10.1;
						LastSwiftMigration = 1020;
					};
					663D8BFE22402391006271CD = {
						CreatedOnToolsVersion = 10.1;
					};
				};
			};
			buildConfigurationList = 663D8BF022402390006271CD /* Build configuration list for PBXProject "ScatterKit" */;
			compatibilityVersion = "Xcode 9.3";
			developmentRegion = en;
			hasScannedForEncodings = 0;
			knownRegions = (
				en,
			);
			mainGroup = 663D8BEC22402390006271CD;
			productRefGroup = 663D8BF722402391006271CD /* Products */;
			projectDirPath = "";
			projectRoot = "";
			targets = (
				663D8BF522402390006271CD /* ScatterKit */,
				663D8BFE22402391006271CD /* ScatterKitTests */,
			);
		};
/* End PBXProject section */

/* Begin PBXResourcesBuildPhase section */
		663D8BF422402390006271CD /* Resources */ = {
			isa = PBXResourcesBuildPhase;
			buildActionMask = 2147483647;
			files = (
				668A9F5A229DC8250071A851 /* scatterkit_browser.js in Resources */,
				668A9F5B229DC8250071A851 /* scatterkit_desktop.js in Resources */,
			);
			runOnlyForDeploymentPostprocessing = 0;
		};
		663D8BFD22402391006271CD /* Resources */ = {
			isa = PBXResourcesBuildPhase;
			buildActionMask = 2147483647;
			files = (
			);
			runOnlyForDeploymentPostprocessing = 0;
		};
/* End PBXResourcesBuildPhase section */

/* Begin PBXSourcesBuildPhase section */
		663D8BF222402390006271CD /* Sources */ = {
			isa = PBXSourcesBuildPhase;
			buildActionMask = 2147483647;
			files = (
				668A9F8F229DC9800071A851 /* ScatterKitScriptMessageHandlerProxy.swift in Sources */,
				668A9F4B229DC80B0071A851 /* ScatterKitClientLevelProtocol+ApiExtension.swift in Sources */,
				668A9F55229DC81D0071A851 /* ScatterKitDesktopApiClientLevel.swift in Sources */,
				668A9F93229DC9BC0071A851 /* Decodable+Extension.swift in Sources */,
				668A9F8C229DC9800071A851 /* ScatterKitTransaction.swift in Sources */,
				668A9F50229DC8130071A851 /* ScatterKitBrowserApiClientLevel.swift in Sources */,
				668A9F89229DC9800071A851 /* ScatterKitError.swift in Sources */,
				668A9F4F229DC8130071A851 /* ScatterKitBrowserServiceLevel.swift in Sources */,
				668A9F91229DC9800071A851 /* ScatterKitResponse.swift in Sources */,
				668A9F56229DC81D0071A851 /* ScatterKitDesktopApiHostLevel.swift in Sources */,
				668A9F8B229DC9800071A851 /* ScatterKitDelegate.swift in Sources */,
				668A9F49229DC80B0071A851 /* ScatterKitHostLevelProtocol.swift in Sources */,
				668A9F8E229DC9800071A851 /* ScatterKit.swift in Sources */,
				668A9F4A229DC80B0071A851 /* ScatterKitServiceLevelProtocol.swift in Sources */,
				668A9F48229DC80B0071A851 /* ScatterKitClientLevelProtocol.swift in Sources */,
				668A9F51229DC8130071A851 /* ScatterKitBrowserApiHostLevel.swift in Sources */,
				668A9F8D229DC9800071A851 /* ScatterKitResult.swift in Sources */,
				668A9F90229DC9800071A851 /* ScatterKitRequest.swift in Sources */,
				668A9F57229DC81D0071A851 /* ScatterKitDesktopServiceLevel.swift in Sources */,
				668A9F8A229DC9800071A851 /* ScatterKitScriptMessageHandlerLeakAvoider.swift in Sources */,
			);
			runOnlyForDeploymentPostprocessing = 0;
		};
		663D8BFB22402391006271CD /* Sources */ = {
			isa = PBXSourcesBuildPhase;
			buildActionMask = 2147483647;
			files = (
				663D8C0522402391006271CD /* ScatterKitTests.swift in Sources */,
			);
			runOnlyForDeploymentPostprocessing = 0;
		};
/* End PBXSourcesBuildPhase section */

/* Begin PBXTargetDependency section */
		663D8C0222402391006271CD /* PBXTargetDependency */ = {
			isa = PBXTargetDependency;
			target = 663D8BF522402390006271CD /* ScatterKit */;
			targetProxy = 663D8C0122402391006271CD /* PBXContainerItemProxy */;
		};
/* End PBXTargetDependency section */

/* Begin XCBuildConfiguration section */
		663D8C0822402391006271CD /* Debug */ = {
			isa = XCBuildConfiguration;
			buildSettings = {
				ALWAYS_SEARCH_USER_PATHS = NO;
				CLANG_ANALYZER_NONNULL = YES;
				CLANG_ANALYZER_NUMBER_OBJECT_CONVERSION = YES_AGGRESSIVE;
				CLANG_CXX_LANGUAGE_STANDARD = "gnu++14";
				CLANG_CXX_LIBRARY = "libc++";
				CLANG_ENABLE_MODULES = YES;
				CLANG_ENABLE_OBJC_ARC = YES;
				CLANG_ENABLE_OBJC_WEAK = YES;
				CLANG_WARN_BLOCK_CAPTURE_AUTORELEASING = YES;
				CLANG_WARN_BOOL_CONVERSION = YES;
				CLANG_WARN_COMMA = YES;
				CLANG_WARN_CONSTANT_CONVERSION = YES;
				CLANG_WARN_DEPRECATED_OBJC_IMPLEMENTATIONS = YES;
				CLANG_WARN_DIRECT_OBJC_ISA_USAGE = YES_ERROR;
				CLANG_WARN_DOCUMENTATION_COMMENTS = YES;
				CLANG_WARN_EMPTY_BODY = YES;
				CLANG_WARN_ENUM_CONVERSION = YES;
				CLANG_WARN_INFINITE_RECURSION = YES;
				CLANG_WARN_INT_CONVERSION = YES;
				CLANG_WARN_NON_LITERAL_NULL_CONVERSION = YES;
				CLANG_WARN_OBJC_IMPLICIT_RETAIN_SELF = YES;
				CLANG_WARN_OBJC_LITERAL_CONVERSION = YES;
				CLANG_WARN_OBJC_ROOT_CLASS = YES_ERROR;
				CLANG_WARN_RANGE_LOOP_ANALYSIS = YES;
				CLANG_WARN_STRICT_PROTOTYPES = YES;
				CLANG_WARN_SUSPICIOUS_MOVE = YES;
				CLANG_WARN_UNGUARDED_AVAILABILITY = YES_AGGRESSIVE;
				CLANG_WARN_UNREACHABLE_CODE = YES;
				CLANG_WARN__DUPLICATE_METHOD_MATCH = YES;
				CODE_SIGN_IDENTITY = "iPhone Developer";
				COPY_PHASE_STRIP = NO;
				CURRENT_PROJECT_VERSION = 1;
				DEBUG_INFORMATION_FORMAT = dwarf;
				ENABLE_STRICT_OBJC_MSGSEND = YES;
				ENABLE_TESTABILITY = YES;
				GCC_C_LANGUAGE_STANDARD = gnu11;
				GCC_DYNAMIC_NO_PIC = NO;
				GCC_NO_COMMON_BLOCKS = YES;
				GCC_OPTIMIZATION_LEVEL = 0;
				GCC_PREPROCESSOR_DEFINITIONS = (
					"DEBUG=1",
					"$(inherited)",
				);
				GCC_WARN_64_TO_32_BIT_CONVERSION = YES;
				GCC_WARN_ABOUT_RETURN_TYPE = YES_ERROR;
				GCC_WARN_UNDECLARED_SELECTOR = YES;
				GCC_WARN_UNINITIALIZED_AUTOS = YES_AGGRESSIVE;
				GCC_WARN_UNUSED_FUNCTION = YES;
				GCC_WARN_UNUSED_VARIABLE = YES;
				IPHONEOS_DEPLOYMENT_TARGET = 12.1;
				MTL_ENABLE_DEBUG_INFO = INCLUDE_SOURCE;
				MTL_FAST_MATH = YES;
				ONLY_ACTIVE_ARCH = YES;
				SDKROOT = iphoneos;
				SWIFT_ACTIVE_COMPILATION_CONDITIONS = DEBUG;
				SWIFT_OPTIMIZATION_LEVEL = "-Onone";
				VERSIONING_SYSTEM = "apple-generic";
				VERSION_INFO_PREFIX = "";
			};
			name = Debug;
		};
		663D8C0922402391006271CD /* Release */ = {
			isa = XCBuildConfiguration;
			buildSettings = {
				ALWAYS_SEARCH_USER_PATHS = NO;
				CLANG_ANALYZER_NONNULL = YES;
				CLANG_ANALYZER_NUMBER_OBJECT_CONVERSION = YES_AGGRESSIVE;
				CLANG_CXX_LANGUAGE_STANDARD = "gnu++14";
				CLANG_CXX_LIBRARY = "libc++";
				CLANG_ENABLE_MODULES = YES;
				CLANG_ENABLE_OBJC_ARC = YES;
				CLANG_ENABLE_OBJC_WEAK = YES;
				CLANG_WARN_BLOCK_CAPTURE_AUTORELEASING = YES;
				CLANG_WARN_BOOL_CONVERSION = YES;
				CLANG_WARN_COMMA = YES;
				CLANG_WARN_CONSTANT_CONVERSION = YES;
				CLANG_WARN_DEPRECATED_OBJC_IMPLEMENTATIONS = YES;
				CLANG_WARN_DIRECT_OBJC_ISA_USAGE = YES_ERROR;
				CLANG_WARN_DOCUMENTATION_COMMENTS = YES;
				CLANG_WARN_EMPTY_BODY = YES;
				CLANG_WARN_ENUM_CONVERSION = YES;
				CLANG_WARN_INFINITE_RECURSION = YES;
				CLANG_WARN_INT_CONVERSION = YES;
				CLANG_WARN_NON_LITERAL_NULL_CONVERSION = YES;
				CLANG_WARN_OBJC_IMPLICIT_RETAIN_SELF = YES;
				CLANG_WARN_OBJC_LITERAL_CONVERSION = YES;
				CLANG_WARN_OBJC_ROOT_CLASS = YES_ERROR;
				CLANG_WARN_RANGE_LOOP_ANALYSIS = YES;
				CLANG_WARN_STRICT_PROTOTYPES = YES;
				CLANG_WARN_SUSPICIOUS_MOVE = YES;
				CLANG_WARN_UNGUARDED_AVAILABILITY = YES_AGGRESSIVE;
				CLANG_WARN_UNREACHABLE_CODE = YES;
				CLANG_WARN__DUPLICATE_METHOD_MATCH = YES;
				CODE_SIGN_IDENTITY = "iPhone Developer";
				COPY_PHASE_STRIP = NO;
				CURRENT_PROJECT_VERSION = 1;
				DEBUG_INFORMATION_FORMAT = "dwarf-with-dsym";
				ENABLE_NS_ASSERTIONS = NO;
				ENABLE_STRICT_OBJC_MSGSEND = YES;
				GCC_C_LANGUAGE_STANDARD = gnu11;
				GCC_NO_COMMON_BLOCKS = YES;
				GCC_WARN_64_TO_32_BIT_CONVERSION = YES;
				GCC_WARN_ABOUT_RETURN_TYPE = YES_ERROR;
				GCC_WARN_UNDECLARED_SELECTOR = YES;
				GCC_WARN_UNINITIALIZED_AUTOS = YES_AGGRESSIVE;
				GCC_WARN_UNUSED_FUNCTION = YES;
				GCC_WARN_UNUSED_VARIABLE = YES;
				IPHONEOS_DEPLOYMENT_TARGET = 12.1;
				MTL_ENABLE_DEBUG_INFO = NO;
				MTL_FAST_MATH = YES;
				SDKROOT = iphoneos;
				SWIFT_COMPILATION_MODE = wholemodule;
				SWIFT_OPTIMIZATION_LEVEL = "-O";
				VALIDATE_PRODUCT = YES;
				VERSIONING_SYSTEM = "apple-generic";
				VERSION_INFO_PREFIX = "";
			};
			name = Release;
		};
		663D8C0B22402391006271CD /* Debug */ = {
			isa = XCBuildConfiguration;
			buildSettings = {
				CLANG_ENABLE_MODULES = YES;
				CODE_SIGN_IDENTITY = "";
				CODE_SIGN_STYLE = Automatic;
				DEFINES_MODULE = YES;
				DEVELOPMENT_TEAM = 7T58UC34VZ;
				DYLIB_COMPATIBILITY_VERSION = 1;
				DYLIB_CURRENT_VERSION = 1;
				DYLIB_INSTALL_NAME_BASE = "@rpath";
				INFOPLIST_FILE = ScatterKit/Info.plist;
				INSTALL_PATH = "$(LOCAL_LIBRARY_DIR)/Frameworks";
				LD_RUNPATH_SEARCH_PATHS = (
					"$(inherited)",
					"@executable_path/Frameworks",
					"@loader_path/Frameworks",
				);
				PRODUCT_BUNDLE_IDENTIFIER = com.paytomat.ScatterKit;
				PRODUCT_NAME = "$(TARGET_NAME:c99extidentifier)";
				SKIP_INSTALL = YES;
				SWIFT_OPTIMIZATION_LEVEL = "-Onone";
				SWIFT_VERSION = 4.2;
				TARGETED_DEVICE_FAMILY = "1,2";
			};
			name = Debug;
		};
		663D8C0C22402391006271CD /* Release */ = {
			isa = XCBuildConfiguration;
			buildSettings = {
				CLANG_ENABLE_MODULES = YES;
				CODE_SIGN_IDENTITY = "";
				CODE_SIGN_STYLE = Automatic;
				DEFINES_MODULE = YES;
				DEVELOPMENT_TEAM = 7T58UC34VZ;
				DYLIB_COMPATIBILITY_VERSION = 1;
				DYLIB_CURRENT_VERSION = 1;
				DYLIB_INSTALL_NAME_BASE = "@rpath";
				INFOPLIST_FILE = ScatterKit/Info.plist;
				INSTALL_PATH = "$(LOCAL_LIBRARY_DIR)/Frameworks";
				LD_RUNPATH_SEARCH_PATHS = (
					"$(inherited)",
					"@executable_path/Frameworks",
					"@loader_path/Frameworks",
				);
				PRODUCT_BUNDLE_IDENTIFIER = com.paytomat.ScatterKit;
				PRODUCT_NAME = "$(TARGET_NAME:c99extidentifier)";
				SKIP_INSTALL = YES;
				SWIFT_VERSION = 4.2;
				TARGETED_DEVICE_FAMILY = "1,2";
			};
			name = Release;
		};
		663D8C0E22402391006271CD /* Debug */ = {
			isa = XCBuildConfiguration;
			buildSettings = {
				ALWAYS_EMBED_SWIFT_STANDARD_LIBRARIES = YES;
				CODE_SIGN_STYLE = Automatic;
				DEVELOPMENT_TEAM = 7T58UC34VZ;
				INFOPLIST_FILE = ScatterKitTests/Info.plist;
				LD_RUNPATH_SEARCH_PATHS = (
					"$(inherited)",
					"@executable_path/Frameworks",
					"@loader_path/Frameworks",
				);
				PRODUCT_BUNDLE_IDENTIFIER = com.paytomat.ScatterKitTests;
				PRODUCT_NAME = "$(TARGET_NAME)";
				SWIFT_VERSION = 4.2;
				TARGETED_DEVICE_FAMILY = "1,2";
			};
			name = Debug;
		};
		663D8C0F22402391006271CD /* Release */ = {
			isa = XCBuildConfiguration;
			buildSettings = {
				ALWAYS_EMBED_SWIFT_STANDARD_LIBRARIES = YES;
				CODE_SIGN_STYLE = Automatic;
				DEVELOPMENT_TEAM = 7T58UC34VZ;
				INFOPLIST_FILE = ScatterKitTests/Info.plist;
				LD_RUNPATH_SEARCH_PATHS = (
					"$(inherited)",
					"@executable_path/Frameworks",
					"@loader_path/Frameworks",
				);
				PRODUCT_BUNDLE_IDENTIFIER = com.paytomat.ScatterKitTests;
				PRODUCT_NAME = "$(TARGET_NAME)";
				SWIFT_VERSION = 4.2;
				TARGETED_DEVICE_FAMILY = "1,2";
			};
			name = Release;
		};
/* End XCBuildConfiguration section */

/* Begin XCConfigurationList section */
		663D8BF022402390006271CD /* Build configuration list for PBXProject "ScatterKit" */ = {
			isa = XCConfigurationList;
			buildConfigurations = (
				663D8C0822402391006271CD /* Debug */,
				663D8C0922402391006271CD /* Release */,
			);
			defaultConfigurationIsVisible = 0;
			defaultConfigurationName = Release;
		};
		663D8C0A22402391006271CD /* Build configuration list for PBXNativeTarget "ScatterKit" */ = {
			isa = XCConfigurationList;
			buildConfigurations = (
				663D8C0B22402391006271CD /* Debug */,
				663D8C0C22402391006271CD /* Release */,
			);
			defaultConfigurationIsVisible = 0;
			defaultConfigurationName = Release;
		};
		663D8C0D22402391006271CD /* Build configuration list for PBXNativeTarget "ScatterKitTests" */ = {
			isa = XCConfigurationList;
			buildConfigurations = (
				663D8C0E22402391006271CD /* Debug */,
				663D8C0F22402391006271CD /* Release */,
			);
			defaultConfigurationIsVisible = 0;
			defaultConfigurationName = Release;
		};
/* End XCConfigurationList section */
	};
	rootObject = 663D8BED22402390006271CD /* Project object */;
}
